
Microsoft Visual Studio Solution File, Format Version 12.00
# Visual Studio Version 16
VisualStudioVersion = 16.0.33801.447
MinimumVisualStudioVersion = 10.0.40219.1
Project("{FAE04EC0-301F-11D3-BF4B-00C04F79EFBC}") = "SwitchServiceManager", "SwitchServiceManager\SwitchServiceManager.csproj", "{412BBD96-DDA8-4C31-AABA-CEAE6C1C058C}"
EndProject
Project("{FAE04EC0-301F-11D3-BF4B-00C04F79EFBC}") = "TestService", "TestService\TestService.csproj", "{13A98928-5D1B-4DFF-8686-F8725AB8CC3F}"
EndProject
Global
	GlobalSection(SolutionConfigurationPlatforms) = preSolution
		Debug|Any CPU = Debug|Any CPU
		Release|Any CPU = Release|Any CPU
	EndGlobalSection
	GlobalSection(ProjectConfigurationPlatforms) = postSolution
		{412BBD96-DDA8-4C31-AABA-CEAE6C1C058C}.Debug|Any CPU.ActiveCfg = Debug|Any CPU
		{412BBD96-DDA8-4C31-AABA-CEAE6C1C058C}.Debug|Any CPU.Build.0 = Debug|Any CPU
		{412BBD96-DDA8-4C31-AABA-CEAE6C1C058C}.Release|Any CPU.ActiveCfg = Release|Any CPU
		{412BBD96-DDA8-4C31-AABA-CEAE6C1C058C}.Release|Any CPU.Build.0 = Release|Any CPU
		{13A98928-5D1B-4DFF-8686-F8725AB8CC3F}.Debug|Any CPU.ActiveCfg = Debug|Any CPU
		{13A98928-5D1B-4DFF-8686-F8725AB8CC3F}.Debug|Any CPU.Build.0 = Debug|Any CPU
		{13A98928-5D1B-4DFF-8686-F8725AB8CC3F}.Release|Any CPU.ActiveCfg = Release|Any CPU
		{13A98928-5D1B-4DFF-8686-F8725AB8CC3F}.Release|Any CPU.Build.0 = Release|Any CPU
	EndGlobalSection
	GlobalSection(SolutionProperties) = preSolution
		HideSolutionNode = FALSE
	EndGlobalSection
	GlobalSection(ExtensibilityGlobals) = postSolution
		SolutionGuid = {3D973993-822D-4DE2-8D5B-FCBF1ECBCBAC}
	EndGlobalSection
EndGlobal
